
Microsoft Visual Studio Solution File, Format Version 12.00
# Visual Studio 15
VisualStudioVersion = 15.0.28010.2048
MinimumVisualStudioVersion = 10.0.40219.1
Project("{8BC9CEB8-8B4A-11D0-8D11-00A0C91BC942}") = "Binarny", "Binarny\Binarny.vcxproj", "{4A583C4D-238F-4F48-900C-E7775F6DF18E}"
EndProject
Global
	GlobalSection(SolutionConfigurationPlatforms) = preSolution
		Debug|x64 = Debug|x64
		Debug|x86 = Debug|x86
		Release|x64 = Release|x64
		Release|x86 = Release|x86
	EndGlobalSection
	GlobalSection(ProjectConfigurationPlatforms) = postSolution
		{4A583C4D-238F-4F48-900C-E7775F6DF18E}.Debug|x64.ActiveCfg = Debug|x64
		{4A583C4D-238F-4F48-900C-E7775F6DF18E}.Debug|x64.Build.0 = Debug|x64
		{4A583C4D-238F-4F48-900C-E7775F6DF18E}.Debug|x86.ActiveCfg = Debug|Win32
		{4A583C4D-238F-4F48-900C-E7775F6DF18E}.Debug|x86.Build.0 = Debug|Win32
		{4A583C4D-238F-4F48-900C-E7775F6DF18E}.Release|x64.ActiveCfg = Release|x64
		{4A583C4D-238F-4F48-900C-E7775F6DF18E}.Release|x64.Build.0 = Release|x64
		{4A583C4D-238F-4F48-900C-E7775F6DF18E}.Release|x86.ActiveCfg = Release|Win32
		{4A583C4D-238F-4F48-900C-E7775F6DF18E}.Release|x86.Build.0 = Release|Win32
	EndGlobalSection
	GlobalSection(SolutionProperties) = preSolution
		HideSolutionNode = FALSE
	EndGlobalSection
	GlobalSection(ExtensibilityGlobals) = postSolution
		SolutionGuid = {34F8DEC9-3C24-4304-A1FE-371D4AAFA543}
	EndGlobalSection
EndGlobal
